
Microsoft Visual Studio Solution File, Format Version 12.00
# Visual Studio Version 16
VisualStudioVersion = 16.0.29613.14
MinimumVisualStudioVersion = 10.0.40219.1
Project("{FAE04EC0-301F-11D3-BF4B-00C04F79EFBC}") = "MVCDashBoard", "MVCDashBoard.csproj", "{733BEA61-AACB-4585-9C39-4A9820623954}"
EndProject
Project("{FAE04EC0-301F-11D3-BF4B-00C04F79EFBC}") = "Persistance", "ClassLibrary1\Persistance.csproj", "{6E306141-89C2-4A55-8A68-16D3457376BA}"
EndProject
Project("{FAE04EC0-301F-11D3-BF4B-00C04F79EFBC}") = "Domain", "Domain\Domain.csproj", "{A8D1A21C-03D1-46C5-BA3A-E86D735B16C7}"
EndProject
Global
	GlobalSection(SolutionConfigurationPlatforms) = preSolution
		Debug|Any CPU = Debug|Any CPU
		Release|Any CPU = Release|Any CPU
	EndGlobalSection
	GlobalSection(ProjectConfigurationPlatforms) = postSolution
		{733BEA61-AACB-4585-9C39-4A9820623954}.Debug|Any CPU.ActiveCfg = Debug|Any CPU
		{733BEA61-AACB-4585-9C39-4A9820623954}.Debug|Any CPU.Build.0 = Debug|Any CPU
		{733BEA61-AACB-4585-9C39-4A9820623954}.Release|Any CPU.ActiveCfg = Release|Any CPU
		{733BEA61-AACB-4585-9C39-4A9820623954}.Release|Any CPU.Build.0 = Release|Any CPU
		{6E306141-89C2-4A55-8A68-16D3457376BA}.Debug|Any CPU.ActiveCfg = Debug|Any CPU
		{6E306141-89C2-4A55-8A68-16D3457376BA}.Debug|Any CPU.Build.0 = Debug|Any CPU
		{6E306141-89C2-4A55-8A68-16D3457376BA}.Release|Any CPU.ActiveCfg = Release|Any CPU
		{6E306141-89C2-4A55-8A68-16D3457376BA}.Release|Any CPU.Build.0 = Release|Any CPU
		{A8D1A21C-03D1-46C5-BA3A-E86D735B16C7}.Debug|Any CPU.ActiveCfg = Debug|Any CPU
		{A8D1A21C-03D1-46C5-BA3A-E86D735B16C7}.Debug|Any CPU.Build.0 = Debug|Any CPU
		{A8D1A21C-03D1-46C5-BA3A-E86D735B16C7}.Release|Any CPU.ActiveCfg = Release|Any CPU
		{A8D1A21C-03D1-46C5-BA3A-E86D735B16C7}.Release|Any CPU.Build.0 = Release|Any CPU
	EndGlobalSection
	GlobalSection(SolutionProperties) = preSolution
		HideSolutionNode = FALSE
	EndGlobalSection
	GlobalSection(ExtensibilityGlobals) = postSolution
		SolutionGuid = {170A9327-9C8D-4A5E-A1D4-4CE24A415B9F}
	EndGlobalSection
EndGlobal
